
Microsoft Visual Studio Solution File, Format Version 12.00
# Visual Studio Version 16
VisualStudioVersion = 16.0.29905.134
MinimumVisualStudioVersion = 10.0.40219.1
Project("{9A19103F-16F7-4668-BE54-9A1E7A4F7556}") = "Princess Connect! ReDive Audio Toolkit", "Princess Connect! ReDive Audio Toolkit\Princess Connect! ReDive Audio Toolkit.csproj", "{98A1465C-C855-4F56-9435-5198721830F7}"
EndProject
Global
	GlobalSection(SolutionConfigurationPlatforms) = preSolution
		Debug|Any CPU = Debug|Any CPU
		Release|Any CPU = Release|Any CPU
	EndGlobalSection
	GlobalSection(ProjectConfigurationPlatforms) = postSolution
		{98A1465C-C855-4F56-9435-5198721830F7}.Debug|Any CPU.ActiveCfg = Debug|Any CPU
		{98A1465C-C855-4F56-9435-5198721830F7}.Debug|Any CPU.Build.0 = Debug|Any CPU
		{98A1465C-C855-4F56-9435-5198721830F7}.Release|Any CPU.ActiveCfg = Release|Any CPU
		{98A1465C-C855-4F56-9435-5198721830F7}.Release|Any CPU.Build.0 = Release|Any CPU
	EndGlobalSection
	GlobalSection(SolutionProperties) = preSolution
		HideSolutionNode = FALSE
	EndGlobalSection
	GlobalSection(ExtensibilityGlobals) = postSolution
		SolutionGuid = {25B7473A-17C8-4D68-9D8C-DB6C154F6348}
	EndGlobalSection
EndGlobal
